// !$*UTF8*$!
{
	archiveVersion = 1;
	classes = {
	};
	objectVersion = 46;
	objects = {

/* Begin PBXBuildFile section */
		029984C5BC2305CA108118AC /* Pods_DSWeibo.framework in Frameworks */ = {isa = PBXBuildFile; fileRef = 1C49F7C6954B30ADBFB43755 /* Pods_DSWeibo.framework */; };
		0DE18F4AD1C5719C1D287556 /* Pods_DSWeiboUITests.framework in Frameworks */ = {isa = PBXBuildFile; fileRef = DBF1D3435F925EC1F04204D5 /* Pods_DSWeiboUITests.framework */; };
		16EE0E4E74B4A1D40BA2658A /* Pods_DSWeiboTests.framework in Frameworks */ = {isa = PBXBuildFile; fileRef = E26FF440E4A036D4DBB6054A /* Pods_DSWeiboTests.framework */; };
		8A06C24F1D834F1D009D9DC2 /* OAuthViewController.swift in Sources */ = {isa = PBXBuildFile; fileRef = 8A06C24E1D834F1D009D9DC2 /* OAuthViewController.swift */; };
		8A06C2511D835D6C009D9DC2 /* NetworkTools.swift in Sources */ = {isa = PBXBuildFile; fileRef = 8A06C2501D835D6C009D9DC2 /* NetworkTools.swift */; };
		8A06C2531D83B299009D9DC2 /* UserAccount.swift in Sources */ = {isa = PBXBuildFile; fileRef = 8A06C2521D83B299009D9DC2 /* UserAccount.swift */; };
		8A06C2551D83C98D009D9DC2 /* String+Category.swift in Sources */ = {isa = PBXBuildFile; fileRef = 8A06C2541D83C98D009D9DC2 /* String+Category.swift */; };
		8A06C2581D83ECF7009D9DC2 /* NewfeatureCollectionViewController.swift in Sources */ = {isa = PBXBuildFile; fileRef = 8A06C2571D83ECF7009D9DC2 /* NewfeatureCollectionViewController.swift */; };
		8A06C25A1D8405C1009D9DC2 /* WelcomeViewController.swift in Sources */ = {isa = PBXBuildFile; fileRef = 8A06C2591D8405C1009D9DC2 /* WelcomeViewController.swift */; };
		8A06C25E1D853161009D9DC2 /* Status.swift in Sources */ = {isa = PBXBuildFile; fileRef = 8A06C25D1D853161009D9DC2 /* Status.swift */; };
		8A06C2601D854899009D9DC2 /* User.swift in Sources */ = {isa = PBXBuildFile; fileRef = 8A06C25F1D854899009D9DC2 /* User.swift */; };
		8A06C2641D8550E4009D9DC2 /* StatusTableViewCell.swift in Sources */ = {isa = PBXBuildFile; fileRef = 8A06C2631D8550E4009D9DC2 /* StatusTableViewCell.swift */; };
		8A06C2661D855735009D9DC2 /* UILabel+Category.swift in Sources */ = {isa = PBXBuildFile; fileRef = 8A06C2651D855735009D9DC2 /* UILabel+Category.swift */; };
		8A06C2681D855744009D9DC2 /* UIButton+Category.swift in Sources */ = {isa = PBXBuildFile; fileRef = 8A06C2671D855744009D9DC2 /* UIButton+Category.swift */; };
		8A33FD631D85FAB7005DFA49 /* NSDate+Category.swift in Sources */ = {isa = PBXBuildFile; fileRef = 8A33FD621D85FAB7005DFA49 /* NSDate+Category.swift */; };
		8A33FD671D866E05005DFA49 /* StatusTableFooterView.swift in Sources */ = {isa = PBXBuildFile; fileRef = 8A33FD661D866E05005DFA49 /* StatusTableFooterView.swift */; };
		8A33FD691D866E8D005DFA49 /* StatusTableTopView.swift in Sources */ = {isa = PBXBuildFile; fileRef = 8A33FD681D866E8D005DFA49 /* StatusTableTopView.swift */; };
		8A33FD6B1D8671F0005DFA49 /* StatusPictureView.swift in Sources */ = {isa = PBXBuildFile; fileRef = 8A33FD6A1D8671F0005DFA49 /* StatusPictureView.swift */; };
		8A33FD6D1D867FFB005DFA49 /* StatusForwardTableViewCell.swift in Sources */ = {isa = PBXBuildFile; fileRef = 8A33FD6C1D867FFB005DFA49 /* StatusForwardTableViewCell.swift */; };
		8A33FD6F1D869365005DFA49 /* StatusNormalTableViewCell.swift in Sources */ = {isa = PBXBuildFile; fileRef = 8A33FD6E1D869365005DFA49 /* StatusNormalTableViewCell.swift */; };
		8A33FD711D87BAE3005DFA49 /* HomeRefreshView.xib in Resources */ = {isa = PBXBuildFile; fileRef = 8A33FD701D87BAE3005DFA49 /* HomeRefreshView.xib */; };
		8A33FD731D87BD83005DFA49 /* HomeRefreshViewControl.swift in Sources */ = {isa = PBXBuildFile; fileRef = 8A33FD721D87BD82005DFA49 /* HomeRefreshViewControl.swift */; };
		8A33FD761D88A55F005DFA49 /* PhotoBrowserController.swift in Sources */ = {isa = PBXBuildFile; fileRef = 8A33FD751D88A55F005DFA49 /* PhotoBrowserController.swift */; };
		8A33FD781D88C5C3005DFA49 /* UIColor+Category.swift in Sources */ = {isa = PBXBuildFile; fileRef = 8A33FD771D88C5C3005DFA49 /* UIColor+Category.swift */; };
		8A33FD7A1D88C72E005DFA49 /* PhotoBrowserCell.swift in Sources */ = {isa = PBXBuildFile; fileRef = 8A33FD791D88C72E005DFA49 /* PhotoBrowserCell.swift */; };
		8A33FD7D1D8916BF005DFA49 /* ComposeViewController.swift in Sources */ = {isa = PBXBuildFile; fileRef = 8A33FD7C1D8916BF005DFA49 /* ComposeViewController.swift */; };
		8A33FDCA1D8DFC7A005DFA49 /* EmoticonPackage.swift in Sources */ = {isa = PBXBuildFile; fileRef = 8A33FDC51D8DFC7A005DFA49 /* EmoticonPackage.swift */; };
		8A33FDCB1D8DFC7A005DFA49 /* Emoticons.bundle in Resources */ = {isa = PBXBuildFile; fileRef = 8A33FDC61D8DFC7A005DFA49 /* Emoticons.bundle */; };
		8A33FDCC1D8DFC7A005DFA49 /* EmoticonTextAttachment.swift in Sources */ = {isa = PBXBuildFile; fileRef = 8A33FDC71D8DFC7A005DFA49 /* EmoticonTextAttachment.swift */; };
		8A33FDCD1D8DFC7A005DFA49 /* EmoticonViewController.swift in Sources */ = {isa = PBXBuildFile; fileRef = 8A33FDC81D8DFC7A005DFA49 /* EmoticonViewController.swift */; };
		8A33FDCE1D8DFC7A005DFA49 /* UITextView+Category.swift in Sources */ = {isa = PBXBuildFile; fileRef = 8A33FDC91D8DFC7A005DFA49 /* UITextView+Category.swift */; };
		8A33FE111D8E4D9A005DFA49 /* PhotoSelectorViewController.swift in Sources */ = {isa = PBXBuildFile; fileRef = 8A33FE0F1D8E4D9A005DFA49 /* PhotoSelectorViewController.swift */; };
		8A33FE121D8E4D9A005DFA49 /* UIImage+Category.swift in Sources */ = {isa = PBXBuildFile; fileRef = 8A33FE101D8E4D9A005DFA49 /* UIImage+Category.swift */; };
		8AD724851D7EA51E00C3D428 /* AppDelegate.swift in Sources */ = {isa = PBXBuildFile; fileRef = 8AD724841D7EA51E00C3D428 /* AppDelegate.swift */; };
		8AD7248C1D7EA51E00C3D428 /* Assets.xcassets in Resources */ = {isa = PBXBuildFile; fileRef = 8AD7248B1D7EA51E00C3D428 /* Assets.xcassets */; };
		8AD7249A1D7EA51E00C3D428 /* DSWeiboTests.swift in Sources */ = {isa = PBXBuildFile; fileRef = 8AD724991D7EA51E00C3D428 /* DSWeiboTests.swift */; };
		8AD724A51D7EA51E00C3D428 /* DSWeiboUITests.swift in Sources */ = {isa = PBXBuildFile; fileRef = 8AD724A41D7EA51E00C3D428 /* DSWeiboUITests.swift */; };
		8AD724BB1D7EAF6A00C3D428 /* MainViewController.swift in Sources */ = {isa = PBXBuildFile; fileRef = 8AD724BA1D7EAF6A00C3D428 /* MainViewController.swift */; };
		8AD724BD1D7EAF8900C3D428 /* HomeTableViewController.swift in Sources */ = {isa = PBXBuildFile; fileRef = 8AD724BC1D7EAF8900C3D428 /* HomeTableViewController.swift */; };
		8AD724BF1D7EAFBE00C3D428 /* DiscoverTableViewController.swift in Sources */ = {isa = PBXBuildFile; fileRef = 8AD724BE1D7EAFBE00C3D428 /* DiscoverTableViewController.swift */; };
		8AD724C11D7EAFE200C3D428 /* MessageTableViewController.swift in Sources */ = {isa = PBXBuildFile; fileRef = 8AD724C01D7EAFE200C3D428 /* MessageTableViewController.swift */; };
		8AD724C31D7EAFFC00C3D428 /* ProfileTableViewController.swift in Sources */ = {isa = PBXBuildFile; fileRef = 8AD724C21D7EAFFC00C3D428 /* ProfileTableViewController.swift */; };
		8AD724C71D7EBD2300C3D428 /* MainVCSettings.json in Resources */ = {isa = PBXBuildFile; fileRef = 8AD724C51D7EBD2300C3D428 /* MainVCSettings.json */; };
		8AD724C81D7EBD2300C3D428 /* NullViewController.swift in Sources */ = {isa = PBXBuildFile; fileRef = 8AD724C61D7EBD2300C3D428 /* NullViewController.swift */; };
		8AD724CA1D7EDD0200C3D428 /* BaseTableViewController.swift in Sources */ = {isa = PBXBuildFile; fileRef = 8AD724C91D7EDD0200C3D428 /* BaseTableViewController.swift */; };
		8AD724CC1D7EE1F500C3D428 /* VisitorView.swift in Sources */ = {isa = PBXBuildFile; fileRef = 8AD724CB1D7EE1F500C3D428 /* VisitorView.swift */; };
		8AD724CE1D7EE84C00C3D428 /* UIView+AutoLayout.swift in Sources */ = {isa = PBXBuildFile; fileRef = 8AD724CD1D7EE84C00C3D428 /* UIView+AutoLayout.swift */; };
		8AD724D01D7FEDFF00C3D428 /* UIBarButtonItem+Category.swift in Sources */ = {isa = PBXBuildFile; fileRef = 8AD724CF1D7FEDFF00C3D428 /* UIBarButtonItem+Category.swift */; };
		8AD724D21D7FF2C900C3D428 /* TitleButton.swift in Sources */ = {isa = PBXBuildFile; fileRef = 8AD724D11D7FF2C900C3D428 /* TitleButton.swift */; };
		8AD724D71D8002E900C3D428 /* PopoverPresentationController.swift in Sources */ = {isa = PBXBuildFile; fileRef = 8AD724D41D8002E900C3D428 /* PopoverPresentationController.swift */; };
		8AD724D81D8002E900C3D428 /* PopoverViewController.storyboard in Resources */ = {isa = PBXBuildFile; fileRef = 8AD724D51D8002E900C3D428 /* PopoverViewController.storyboard */; };
		8AD724D91D8002E900C3D428 /* PopoverViewController.swift in Sources */ = {isa = PBXBuildFile; fileRef = 8AD724D61D8002E900C3D428 /* PopoverViewController.swift */; };
		8AD724DB1D80FF9F00C3D428 /* PopoverAnimator.swift in Sources */ = {isa = PBXBuildFile; fileRef = 8AD724DA1D80FF9F00C3D428 /* PopoverAnimator.swift */; };
		8AD724DE1D810D5C00C3D428 /* QRCodeViewController.storyboard in Resources */ = {isa = PBXBuildFile; fileRef = 8AD724DD1D810D5C00C3D428 /* QRCodeViewController.storyboard */; };
		8AD724E01D810E7C00C3D428 /* QRCodeViewController.swift in Sources */ = {isa = PBXBuildFile; fileRef = 8AD724DF1D810E7C00C3D428 /* QRCodeViewController.swift */; };
		8AD724E21D814D2800C3D428 /* QRCodeCardViewController.swift in Sources */ = {isa = PBXBuildFile; fileRef = 8AD724E11D814D2800C3D428 /* QRCodeCardViewController.swift */; };
		8AD725D31D816CBB00C3D428 /* Pods_DSWeibo.framework in CopyFiles */ = {isa = PBXBuildFile; fileRef = 1C49F7C6954B30ADBFB43755 /* Pods_DSWeibo.framework */; settings = {ATTRIBUTES = (CodeSignOnCopy, RemoveHeadersOnCopy, ); }; };
/* End PBXBuildFile section */

/* Begin PBXContainerItemProxy section */
		8AD724961D7EA51E00C3D428 /* PBXContainerItemProxy */ = {
			isa = PBXContainerItemProxy;
			containerPortal = 8AD724791D7EA51E00C3D428 /* Project object */;
			proxyType = 1;
			remoteGlobalIDString = 8AD724801D7EA51E00C3D428;
			remoteInfo = DSWeibo;
		};
		8AD724A11D7EA51E00C3D428 /* PBXContainerItemProxy */ = {
			isa = PBXContainerItemProxy;
			containerPortal = 8AD724791D7EA51E00C3D428 /* Project object */;
			proxyType = 1;
			remoteGlobalIDString = 8AD724801D7EA51E00C3D428;
			remoteInfo = DSWeibo;
		};
/* End PBXContainerItemProxy section */

/* Begin PBXCopyFilesBuildPhase section */
		8AD725D21D816C7700C3D428 /* CopyFiles */ = {
			isa = PBXCopyFilesBuildPhase;
			buildActionMask = 2147483647;
			dstPath = "";
			dstSubfolderSpec = 10;
			files = (
				8AD725D31D816CBB00C3D428 /* Pods_DSWeibo.framework in CopyFiles */,
			);
			runOnlyForDeploymentPostprocessing = 0;
		};
/* End PBXCopyFilesBuildPhase section */

/* Begin PBXFileReference section */
		1C49F7C6954B30ADBFB43755 /* Pods_DSWeibo.framework */ = {isa = PBXFileReference; explicitFileType = wrapper.framework; includeInIndex = 0; path = Pods_DSWeibo.framework; sourceTree = BUILT_PRODUCTS_DIR; };
		36D0CB0FB155F94BA248AB98 /* Pods-DSWeiboUITests.release.xcconfig */ = {isa = PBXFileReference; includeInIndex = 1; lastKnownFileType = text.xcconfig; name = "Pods-DSWeiboUITests.release.xcconfig"; path = "Pods/Target Support Files/Pods-DSWeiboUITests/Pods-DSWeiboUITests.release.xcconfig"; sourceTree = "<group>"; };
		8A06C24E1D834F1D009D9DC2 /* OAuthViewController.swift */ = {isa = PBXFileReference; fileEncoding = 4; lastKnownFileType = sourcecode.swift; path = OAuthViewController.swift; sourceTree = "<group>"; };
		8A06C2501D835D6C009D9DC2 /* NetworkTools.swift */ = {isa = PBXFileReference; fileEncoding = 4; lastKnownFileType = sourcecode.swift; path = NetworkTools.swift; sourceTree = "<group>"; };
		8A06C2521D83B299009D9DC2 /* UserAccount.swift */ = {isa = PBXFileReference; fileEncoding = 4; lastKnownFileType = sourcecode.swift; path = UserAccount.swift; sourceTree = "<group>"; };
		8A06C2541D83C98D009D9DC2 /* String+Category.swift */ = {isa = PBXFileReference; fileEncoding = 4; lastKnownFileType = sourcecode.swift; path = "String+Category.swift"; sourceTree = "<group>"; };
		8A06C2571D83ECF7009D9DC2 /* NewfeatureCollectionViewController.swift */ = {isa = PBXFileReference; fileEncoding = 4; lastKnownFileType = sourcecode.swift; path = NewfeatureCollectionViewController.swift; sourceTree = "<group>"; };
		8A06C2591D8405C1009D9DC2 /* WelcomeViewController.swift */ = {isa = PBXFileReference; fileEncoding = 4; lastKnownFileType = sourcecode.swift; path = WelcomeViewController.swift; sourceTree = "<group>"; };
		8A06C25D1D853161009D9DC2 /* Status.swift */ = {isa = PBXFileReference; fileEncoding = 4; lastKnownFileType = sourcecode.swift; path = Status.swift; sourceTree = "<group>"; };
		8A06C25F1D854899009D9DC2 /* User.swift */ = {isa = PBXFileReference; fileEncoding = 4; lastKnownFileType = sourcecode.swift; path = User.swift; sourceTree = "<group>"; };
		8A06C2631D8550E4009D9DC2 /* StatusTableViewCell.swift */ = {isa = PBXFileReference; fileEncoding = 4; lastKnownFileType = sourcecode.swift; path = StatusTableViewCell.swift; sourceTree = "<group>"; };
		8A06C2651D855735009D9DC2 /* UILabel+Category.swift */ = {isa = PBXFileReference; fileEncoding = 4; lastKnownFileType = sourcecode.swift; path = "UILabel+Category.swift"; sourceTree = "<group>"; };
		8A06C2671D855744009D9DC2 /* UIButton+Category.swift */ = {isa = PBXFileReference; fileEncoding = 4; lastKnownFileType = sourcecode.swift; path = "UIButton+Category.swift"; sourceTree = "<group>"; };
		8A33FD621D85FAB7005DFA49 /* NSDate+Category.swift */ = {isa = PBXFileReference; fileEncoding = 4; lastKnownFileType = sourcecode.swift; path = "NSDate+Category.swift"; sourceTree = "<group>"; };
		8A33FD661D866E05005DFA49 /* StatusTableFooterView.swift */ = {isa = PBXFileReference; fileEncoding = 4; lastKnownFileType = sourcecode.swift; path = StatusTableFooterView.swift; sourceTree = "<group>"; };
		8A33FD681D866E8D005DFA49 /* StatusTableTopView.swift */ = {isa = PBXFileReference; fileEncoding = 4; lastKnownFileType = sourcecode.swift; path = StatusTableTopView.swift; sourceTree = "<group>"; };
		8A33FD6A1D8671F0005DFA49 /* StatusPictureView.swift */ = {isa = PBXFileReference; fileEncoding = 4; lastKnownFileType = sourcecode.swift; path = StatusPictureView.swift; sourceTree = "<group>"; };
		8A33FD6C1D867FFB005DFA49 /* StatusForwardTableViewCell.swift */ = {isa = PBXFileReference; fileEncoding = 4; lastKnownFileType = sourcecode.swift; path = StatusForwardTableViewCell.swift; sourceTree = "<group>"; };
		8A33FD6E1D869365005DFA49 /* StatusNormalTableViewCell.swift */ = {isa = PBXFileReference; fileEncoding = 4; lastKnownFileType = sourcecode.swift; path = StatusNormalTableViewCell.swift; sourceTree = "<group>"; };
		8A33FD701D87BAE3005DFA49 /* HomeRefreshView.xib */ = {isa = PBXFileReference; fileEncoding = 4; lastKnownFileType = file.xib; path = HomeRefreshView.xib; sourceTree = "<group>"; };
		8A33FD721D87BD82005DFA49 /* HomeRefreshViewControl.swift */ = {isa = PBXFileReference; fileEncoding = 4; lastKnownFileType = sourcecode.swift; path = HomeRefreshViewControl.swift; sourceTree = "<group>"; };
		8A33FD751D88A55F005DFA49 /* PhotoBrowserController.swift */ = {isa = PBXFileReference; fileEncoding = 4; lastKnownFileType = sourcecode.swift; path = PhotoBrowserController.swift; sourceTree = "<group>"; };
		8A33FD771D88C5C3005DFA49 /* UIColor+Category.swift */ = {isa = PBXFileReference; fileEncoding = 4; lastKnownFileType = sourcecode.swift; path = "UIColor+Category.swift"; sourceTree = "<group>"; };
		8A33FD791D88C72E005DFA49 /* PhotoBrowserCell.swift */ = {isa = PBXFileReference; fileEncoding = 4; lastKnownFileType = sourcecode.swift; path = PhotoBrowserCell.swift; sourceTree = "<group>"; };
		8A33FD7C1D8916BF005DFA49 /* ComposeViewController.swift */ = {isa = PBXFileReference; fileEncoding = 4; lastKnownFileType = sourcecode.swift; path = ComposeViewController.swift; sourceTree = "<group>"; };
		8A33FDC51D8DFC7A005DFA49 /* EmoticonPackage.swift */ = {isa = PBXFileReference; fileEncoding = 4; lastKnownFileType = sourcecode.swift; path = EmoticonPackage.swift; sourceTree = "<group>"; };
		8A33FDC61D8DFC7A005DFA49 /* Emoticons.bundle */ = {isa = PBXFileReference; lastKnownFileType = "wrapper.plug-in"; path = Emoticons.bundle; sourceTree = "<group>"; };
		8A33FDC71D8DFC7A005DFA49 /* EmoticonTextAttachment.swift */ = {isa = PBXFileReference; fileEncoding = 4; lastKnownFileType = sourcecode.swift; path = EmoticonTextAttachment.swift; sourceTree = "<group>"; };
		8A33FDC81D8DFC7A005DFA49 /* EmoticonViewController.swift */ = {isa = PBXFileReference; fileEncoding = 4; lastKnownFileType = sourcecode.swift; path = EmoticonViewController.swift; sourceTree = "<group>"; };
		8A33FDC91D8DFC7A005DFA49 /* UITextView+Category.swift */ = {isa = PBXFileReference; fileEncoding = 4; lastKnownFileType = sourcecode.swift; path = "UITextView+Category.swift"; sourceTree = "<group>"; };
		8A33FE0F1D8E4D9A005DFA49 /* PhotoSelectorViewController.swift */ = {isa = PBXFileReference; fileEncoding = 4; lastKnownFileType = sourcecode.swift; path = PhotoSelectorViewController.swift; sourceTree = "<group>"; };
		8A33FE101D8E4D9A005DFA49 /* UIImage+Category.swift */ = {isa = PBXFileReference; fileEncoding = 4; lastKnownFileType = sourcecode.swift; path = "UIImage+Category.swift"; sourceTree = "<group>"; };
		8AD724811D7EA51E00C3D428 /* DSWeibo.app */ = {isa = PBXFileReference; explicitFileType = wrapper.application; includeInIndex = 0; path = DSWeibo.app; sourceTree = BUILT_PRODUCTS_DIR; };
		8AD724841D7EA51E00C3D428 /* AppDelegate.swift */ = {isa = PBXFileReference; lastKnownFileType = sourcecode.swift; path = AppDelegate.swift; sourceTree = "<group>"; };
		8AD7248B1D7EA51E00C3D428 /* Assets.xcassets */ = {isa = PBXFileReference; lastKnownFileType = folder.assetcatalog; path = Assets.xcassets; sourceTree = "<group>"; };
		8AD724901D7EA51E00C3D428 /* Info.plist */ = {isa = PBXFileReference; lastKnownFileType = text.plist.xml; path = Info.plist; sourceTree = "<group>"; };
		8AD724951D7EA51E00C3D428 /* DSWeiboTests.xctest */ = {isa = PBXFileReference; explicitFileType = wrapper.cfbundle; includeInIndex = 0; path = DSWeiboTests.xctest; sourceTree = BUILT_PRODUCTS_DIR; };
		8AD724991D7EA51E00C3D428 /* DSWeiboTests.swift */ = {isa = PBXFileReference; lastKnownFileType = sourcecode.swift; path = DSWeiboTests.swift; sourceTree = "<group>"; };
		8AD7249B1D7EA51E00C3D428 /* Info.plist */ = {isa = PBXFileReference; lastKnownFileType = text.plist.xml; path = Info.plist; sourceTree = "<group>"; };
		8AD724A01D7EA51E00C3D428 /* DSWeiboUITests.xctest */ = {isa = PBXFileReference; explicitFileType = wrapper.cfbundle; includeInIndex = 0; path = DSWeiboUITests.xctest; sourceTree = BUILT_PRODUCTS_DIR; };
		8AD724A41D7EA51E00C3D428 /* DSWeiboUITests.swift */ = {isa = PBXFileReference; lastKnownFileType = sourcecode.swift; path = DSWeiboUITests.swift; sourceTree = "<group>"; };
		8AD724A61D7EA51E00C3D428 /* Info.plist */ = {isa = PBXFileReference; lastKnownFileType = text.plist.xml; path = Info.plist; sourceTree = "<group>"; };
		8AD724BA1D7EAF6A00C3D428 /* MainViewController.swift */ = {isa = PBXFileReference; fileEncoding = 4; lastKnownFileType = sourcecode.swift; path = MainViewController.swift; sourceTree = "<group>"; };
		8AD724BC1D7EAF8900C3D428 /* HomeTableViewController.swift */ = {isa = PBXFileReference; fileEncoding = 4; lastKnownFileType = sourcecode.swift; path = HomeTableViewController.swift; sourceTree = "<group>"; };
		8AD724BE1D7EAFBE00C3D428 /* DiscoverTableViewController.swift */ = {isa = PBXFileReference; fileEncoding = 4; lastKnownFileType = sourcecode.swift; path = DiscoverTableViewController.swift; sourceTree = "<group>"; };
		8AD724C01D7EAFE200C3D428 /* MessageTableViewController.swift */ = {isa = PBXFileReference; fileEncoding = 4; lastKnownFileType = sourcecode.swift; path = MessageTableViewController.swift; sourceTree = "<group>"; };
		8AD724C21D7EAFFC00C3D428 /* ProfileTableViewController.swift */ = {isa = PBXFileReference; fileEncoding = 4; lastKnownFileType = sourcecode.swift; path = ProfileTableViewController.swift; sourceTree = "<group>"; };
		8AD724C51D7EBD2300C3D428 /* MainVCSettings.json */ = {isa = PBXFileReference; fileEncoding = 4; lastKnownFileType = text.json; path = MainVCSettings.json; sourceTree = "<group>"; };
		8AD724C61D7EBD2300C3D428 /* NullViewController.swift */ = {isa = PBXFileReference; fileEncoding = 4; lastKnownFileType = sourcecode.swift; path = NullViewController.swift; sourceTree = "<group>"; };
		8AD724C91D7EDD0200C3D428 /* BaseTableViewController.swift */ = {isa = PBXFileReference; fileEncoding = 4; lastKnownFileType = sourcecode.swift; path = BaseTableViewController.swift; sourceTree = "<group>"; };
		8AD724CB1D7EE1F500C3D428 /* VisitorView.swift */ = {isa = PBXFileReference; fileEncoding = 4; lastKnownFileType = sourcecode.swift; path = VisitorView.swift; sourceTree = "<group>"; };
		8AD724CD1D7EE84C00C3D428 /* UIView+AutoLayout.swift */ = {isa = PBXFileReference; fileEncoding = 4; lastKnownFileType = sourcecode.swift; path = "UIView+AutoLayout.swift"; sourceTree = "<group>"; };
		8AD724CF1D7FEDFF00C3D428 /* UIBarButtonItem+Category.swift */ = {isa = PBXFileReference; fileEncoding = 4; lastKnownFileType = sourcecode.swift; path = "UIBarButtonItem+Category.swift"; sourceTree = "<group>"; };
		8AD724D11D7FF2C900C3D428 /* TitleButton.swift */ = {isa = PBXFileReference; fileEncoding = 4; lastKnownFileType = sourcecode.swift; path = TitleButton.swift; sourceTree = "<group>"; };
		8AD724D41D8002E900C3D428 /* PopoverPresentationController.swift */ = {isa = PBXFileReference; fileEncoding = 4; lastKnownFileType = sourcecode.swift; path = PopoverPresentationController.swift; sourceTree = "<group>"; };
		8AD724D51D8002E900C3D428 /* PopoverViewController.storyboard */ = {isa = PBXFileReference; fileEncoding = 4; lastKnownFileType = file.storyboard; path = PopoverViewController.storyboard; sourceTree = "<group>"; };
		8AD724D61D8002E900C3D428 /* PopoverViewController.swift */ = {isa = PBXFileReference; fileEncoding = 4; lastKnownFileType = sourcecode.swift; path = PopoverViewController.swift; sourceTree = "<group>"; };
		8AD724DA1D80FF9F00C3D428 /* PopoverAnimator.swift */ = {isa = PBXFileReference; fileEncoding = 4; lastKnownFileType = sourcecode.swift; path = PopoverAnimator.swift; sourceTree = "<group>"; };
		8AD724DD1D810D5C00C3D428 /* QRCodeViewController.storyboard */ = {isa = PBXFileReference; fileEncoding = 4; lastKnownFileType = file.storyboard; path = QRCodeViewController.storyboard; sourceTree = "<group>"; };
		8AD724DF1D810E7C00C3D428 /* QRCodeViewController.swift */ = {isa = PBXFileReference; fileEncoding = 4; lastKnownFileType = sourcecode.swift; path = QRCodeViewController.swift; sourceTree = "<group>"; };
		8AD724E11D814D2800C3D428 /* QRCodeCardViewController.swift */ = {isa = PBXFileReference; fileEncoding = 4; lastKnownFileType = sourcecode.swift; path = QRCodeCardViewController.swift; sourceTree = "<group>"; };
		8AD7251A1D815E9F00C3D428 /* Weibo-Bridge.h */ = {isa = PBXFileReference; lastKnownFileType = sourcecode.c.h; path = "Weibo-Bridge.h"; sourceTree = "<group>"; };
		98C88EBF72B2C692D714329A /* Pods-DSWeiboUITests.debug.xcconfig */ = {isa = PBXFileReference; includeInIndex = 1; lastKnownFileType = text.xcconfig; name = "Pods-DSWeiboUITests.debug.xcconfig"; path = "Pods/Target Support Files/Pods-DSWeiboUITests/Pods-DSWeiboUITests.debug.xcconfig"; sourceTree = "<group>"; };
		AA8927A1C3004A1A5A7A731D /* Pods-DSWeiboTests.debug.xcconfig */ = {isa = PBXFileReference; includeInIndex = 1; lastKnownFileType = text.xcconfig; name = "Pods-DSWeiboTests.debug.xcconfig"; path = "Pods/Target Support Files/Pods-DSWeiboTests/Pods-DSWeiboTests.debug.xcconfig"; sourceTree = "<group>"; };
		ABFEE124BEEE200A1F97FCAB /* Pods-DSWeibo.debug.xcconfig */ = {isa = PBXFileReference; includeInIndex = 1; lastKnownFileType = text.xcconfig; name = "Pods-DSWeibo.debug.xcconfig"; path = "Pods/Target Support Files/Pods-DSWeibo/Pods-DSWeibo.debug.xcconfig"; sourceTree = "<group>"; };
		B1F75DFD303480D7A59F807A /* Pods-DSWeiboTests.release.xcconfig */ = {isa = PBXFileReference; includeInIndex = 1; lastKnownFileType = text.xcconfig; name = "Pods-DSWeiboTests.release.xcconfig"; path = "Pods/Target Support Files/Pods-DSWeiboTests/Pods-DSWeiboTests.release.xcconfig"; sourceTree = "<group>"; };
		D5E53210378DE8E6EF4B193D /* Pods-DSWeibo.release.xcconfig */ = {isa = PBXFileReference; includeInIndex = 1; lastKnownFileType = text.xcconfig; name = "Pods-DSWeibo.release.xcconfig"; path = "Pods/Target Support Files/Pods-DSWeibo/Pods-DSWeibo.release.xcconfig"; sourceTree = "<group>"; };
		DBF1D3435F925EC1F04204D5 /* Pods_DSWeiboUITests.framework */ = {isa = PBXFileReference; explicitFileType = wrapper.framework; includeInIndex = 0; path = Pods_DSWeiboUITests.framework; sourceTree = BUILT_PRODUCTS_DIR; };
		E26FF440E4A036D4DBB6054A /* Pods_DSWeiboTests.framework */ = {isa = PBXFileReference; explicitFileType = wrapper.framework; includeInIndex = 0; path = Pods_DSWeiboTests.framework; sourceTree = BUILT_PRODUCTS_DIR; };
/* End PBXFileReference section */

/* Begin PBXFrameworksBuildPhase section */
		8AD7247E1D7EA51E00C3D428 /* Frameworks */ = {
			isa = PBXFrameworksBuildPhase;
			buildActionMask = 2147483647;
			files = (
				029984C5BC2305CA108118AC /* Pods_DSWeibo.framework in Frameworks */,
			);
			runOnlyForDeploymentPostprocessing = 0;
		};
		8AD724921D7EA51E00C3D428 /* Frameworks */ = {
			isa = PBXFrameworksBuildPhase;
			buildActionMask = 2147483647;
			files = (
				16EE0E4E74B4A1D40BA2658A /* Pods_DSWeiboTests.framework in Frameworks */,
			);
			runOnlyForDeploymentPostprocessing = 0;
		};
		8AD7249D1D7EA51E00C3D428 /* Frameworks */ = {
			isa = PBXFrameworksBuildPhase;
			buildActionMask = 2147483647;
			files = (
				0DE18F4AD1C5719C1D287556 /* Pods_DSWeiboUITests.framework in Frameworks */,
			);
			runOnlyForDeploymentPostprocessing = 0;
		};
/* End PBXFrameworksBuildPhase section */

/* Begin PBXGroup section */
		8A06C2561D83ECCE009D9DC2 /* NewFeature */ = {
			isa = PBXGroup;
			children = (
				8A06C2571D83ECF7009D9DC2 /* NewfeatureCollectionViewController.swift */,
				8A06C2591D8405C1009D9DC2 /* WelcomeViewController.swift */,
			);
			path = NewFeature;
			sourceTree = "<group>";
		};
		8A33FD741D88A54B005DFA49 /* PhotoBrowser */ = {
			isa = PBXGroup;
			children = (
				8A33FD751D88A55F005DFA49 /* PhotoBrowserController.swift */,
				8A33FD791D88C72E005DFA49 /* PhotoBrowserCell.swift */,
			);
			path = PhotoBrowser;
			sourceTree = "<group>";
		};
		8A33FD7B1D8916A6005DFA49 /* Compose */ = {
			isa = PBXGroup;
			children = (
				8A33FE0E1D8E4D9A005DFA49 /* PhotoSelector */,
				8A33FDC41D8DFC7A005DFA49 /* EmoticonView */,
				8A33FD7C1D8916BF005DFA49 /* ComposeViewController.swift */,
			);
			path = Compose;
			sourceTree = "<group>";
		};
		8A33FDC41D8DFC7A005DFA49 /* EmoticonView */ = {
			isa = PBXGroup;
			children = (
				8A33FDC51D8DFC7A005DFA49 /* EmoticonPackage.swift */,
				8A33FDC61D8DFC7A005DFA49 /* Emoticons.bundle */,
				8A33FDC71D8DFC7A005DFA49 /* EmoticonTextAttachment.swift */,
				8A33FDC81D8DFC7A005DFA49 /* EmoticonViewController.swift */,
				8A33FDC91D8DFC7A005DFA49 /* UITextView+Category.swift */,
			);
			path = EmoticonView;
			sourceTree = "<group>";
		};
		8A33FE0E1D8E4D9A005DFA49 /* PhotoSelector */ = {
			isa = PBXGroup;
			children = (
				8A33FE0F1D8E4D9A005DFA49 /* PhotoSelectorViewController.swift */,
				8A33FE101D8E4D9A005DFA49 /* UIImage+Category.swift */,
			);
			path = PhotoSelector;
			sourceTree = "<group>";
		};
		8AD724781D7EA51D00C3D428 = {
			isa = PBXGroup;
			children = (
				8AD724831D7EA51E00C3D428 /* DSWeibo */,
				8AD724981D7EA51E00C3D428 /* DSWeiboTests */,
				8AD724A31D7EA51E00C3D428 /* DSWeiboUITests */,
				8AD724821D7EA51E00C3D428 /* Products */,
				B579500B93DC4E4D03501FE1 /* Pods */,
				92F6EA8BDB62D79DC55F87AE /* Frameworks */,
			);
			sourceTree = "<group>";
		};
		8AD724821D7EA51E00C3D428 /* Products */ = {
			isa = PBXGroup;
			children = (
				8AD724811D7EA51E00C3D428 /* DSWeibo.app */,
				8AD724951D7EA51E00C3D428 /* DSWeiboTests.xctest */,
				8AD724A01D7EA51E00C3D428 /* DSWeiboUITests.xctest */,
			);
			name = Products;
			sourceTree = "<group>";
		};
		8AD724831D7EA51E00C3D428 /* DSWeibo */ = {
			isa = PBXGroup;
			children = (
				8AD724841D7EA51E00C3D428 /* AppDelegate.swift */,
				8AD7251A1D815E9F00C3D428 /* Weibo-Bridge.h */,
				8AD724B21D7EAEDF00C3D428 /* Classes */,
				8AD7248B1D7EA51E00C3D428 /* Assets.xcassets */,
				8AD724901D7EA51E00C3D428 /* Info.plist */,
			);
			path = DSWeibo;
			sourceTree = "<group>";
		};
		8AD724981D7EA51E00C3D428 /* DSWeiboTests */ = {
			isa = PBXGroup;
			children = (
				8AD724991D7EA51E00C3D428 /* DSWeiboTests.swift */,
				8AD7249B1D7EA51E00C3D428 /* Info.plist */,
			);
			path = DSWeiboTests;
			sourceTree = "<group>";
		};
		8AD724A31D7EA51E00C3D428 /* DSWeiboUITests */ = {
			isa = PBXGroup;
			children = (
				8AD724A41D7EA51E00C3D428 /* DSWeiboUITests.swift */,
				8AD724A61D7EA51E00C3D428 /* Info.plist */,
			);
			path = DSWeiboUITests;
			sourceTree = "<group>";
		};
		8AD724B21D7EAEDF00C3D428 /* Classes */ = {
			isa = PBXGroup;
			children = (
				8A33FD7B1D8916A6005DFA49 /* Compose */,
				8A06C2561D83ECCE009D9DC2 /* NewFeature */,
				8AD725D41D82AF9500C3D428 /* OAuth */,
				8AD724B31D7EAEDF00C3D428 /* Common */,
				8AD724B41D7EAEDF00C3D428 /* Discover */,
				8AD724B51D7EAEDF00C3D428 /* Home */,
				8AD724B61D7EAEDF00C3D428 /* Main */,
				8AD724B71D7EAEDF00C3D428 /* Message */,
				8AD724B81D7EAEDF00C3D428 /* Profile */,
				8AD724B91D7EAEDF00C3D428 /* Tools */,
			);
			path = Classes;
			sourceTree = "<group>";
		};
		8AD724B31D7EAEDF00C3D428 /* Common */ = {
			isa = PBXGroup;
			children = (
				8AD724CF1D7FEDFF00C3D428 /* UIBarButtonItem+Category.swift */,
				8AD724D11D7FF2C900C3D428 /* TitleButton.swift */,
				8A06C2651D855735009D9DC2 /* UILabel+Category.swift */,
				8A06C2671D855744009D9DC2 /* UIButton+Category.swift */,
			);
			path = Common;
			sourceTree = "<group>";
		};
		8AD724B41D7EAEDF00C3D428 /* Discover */ = {
			isa = PBXGroup;
			children = (
				8AD724BE1D7EAFBE00C3D428 /* DiscoverTableViewController.swift */,
			);
			path = Discover;
			sourceTree = "<group>";
		};
		8AD724B51D7EAEDF00C3D428 /* Home */ = {
			isa = PBXGroup;
			children = (
				8A33FD741D88A54B005DFA49 /* PhotoBrowser */,
				8AD724DC1D810D4A00C3D428 /* QRCode */,
				8AD724D31D8002E900C3D428 /* Popover */,
				8AD724BC1D7EAF8900C3D428 /* HomeTableViewController.swift */,
				8A33FD701D87BAE3005DFA49 /* HomeRefreshView.xib */,
				8A33FD721D87BD82005DFA49 /* HomeRefreshViewControl.swift */,
				8A06C2631D8550E4009D9DC2 /* StatusTableViewCell.swift */,
				8A33FD6C1D867FFB005DFA49 /* StatusForwardTableViewCell.swift */,
				8A33FD6E1D869365005DFA49 /* StatusNormalTableViewCell.swift */,
				8A33FD661D866E05005DFA49 /* StatusTableFooterView.swift */,
				8A33FD681D866E8D005DFA49 /* StatusTableTopView.swift */,
				8A33FD6A1D8671F0005DFA49 /* StatusPictureView.swift */,
				8A06C25D1D853161009D9DC2 /* Status.swift */,
				8A06C25F1D854899009D9DC2 /* User.swift */,
			);
			path = Home;
			sourceTree = "<group>";
		};
		8AD724B61D7EAEDF00C3D428 /* Main */ = {
			isa = PBXGroup;
			children = (
				8AD724C41D7EBD2300C3D428 /* Resource */,
				8AD724BA1D7EAF6A00C3D428 /* MainViewController.swift */,
				8AD724C91D7EDD0200C3D428 /* BaseTableViewController.swift */,
				8AD724CB1D7EE1F500C3D428 /* VisitorView.swift */,
			);
			path = Main;
			sourceTree = "<group>";
		};
		8AD724B71D7EAEDF00C3D428 /* Message */ = {
			isa = PBXGroup;
			children = (
				8AD724C01D7EAFE200C3D428 /* MessageTableViewController.swift */,
			);
			path = Message;
			sourceTree = "<group>";
		};
		8AD724B81D7EAEDF00C3D428 /* Profile */ = {
			isa = PBXGroup;
			children = (
				8AD724C21D7EAFFC00C3D428 /* ProfileTableViewController.swift */,
			);
			path = Profile;
			sourceTree = "<group>";
		};
		8AD724B91D7EAEDF00C3D428 /* Tools */ = {
			isa = PBXGroup;
			children = (
				8AD724CD1D7EE84C00C3D428 /* UIView+AutoLayout.swift */,
				8A06C2501D835D6C009D9DC2 /* NetworkTools.swift */,
				8A06C2541D83C98D009D9DC2 /* String+Category.swift */,
				8A33FD621D85FAB7005DFA49 /* NSDate+Category.swift */,
				8A33FD771D88C5C3005DFA49 /* UIColor+Category.swift */,
			);
			path = Tools;
			sourceTree = "<group>";
		};
		8AD724C41D7EBD2300C3D428 /* Resource */ = {
			isa = PBXGroup;
			children = (
				8AD724C51D7EBD2300C3D428 /* MainVCSettings.json */,
				8AD724C61D7EBD2300C3D428 /* NullViewController.swift */,
			);
			path = Resource;
			sourceTree = "<group>";
		};
		8AD724D31D8002E900C3D428 /* Popover */ = {
			isa = PBXGroup;
			children = (
				8AD724D41D8002E900C3D428 /* PopoverPresentationController.swift */,
				8AD724DA1D80FF9F00C3D428 /* PopoverAnimator.swift */,
				8AD724D51D8002E900C3D428 /* PopoverViewController.storyboard */,
				8AD724D61D8002E900C3D428 /* PopoverViewController.swift */,
			);
			path = Popover;
			sourceTree = "<group>";
		};
		8AD724DC1D810D4A00C3D428 /* QRCode */ = {
			isa = PBXGroup;
			children = (
				8AD724DD1D810D5C00C3D428 /* QRCodeViewController.storyboard */,
				8AD724DF1D810E7C00C3D428 /* QRCodeViewController.swift */,
				8AD724E11D814D2800C3D428 /* QRCodeCardViewController.swift */,
			);
			path = QRCode;
			sourceTree = "<group>";
		};
		8AD725D41D82AF9500C3D428 /* OAuth */ = {
			isa = PBXGroup;
			children = (
				8A06C24E1D834F1D009D9DC2 /* OAuthViewController.swift */,
				8A06C2521D83B299009D9DC2 /* UserAccount.swift */,
			);
			path = OAuth;
			sourceTree = "<group>";
		};
		92F6EA8BDB62D79DC55F87AE /* Frameworks */ = {
			isa = PBXGroup;
			children = (
				1C49F7C6954B30ADBFB43755 /* Pods_DSWeibo.framework */,
				E26FF440E4A036D4DBB6054A /* Pods_DSWeiboTests.framework */,
				DBF1D3435F925EC1F04204D5 /* Pods_DSWeiboUITests.framework */,
			);
			name = Frameworks;
			sourceTree = "<group>";
		};
		B579500B93DC4E4D03501FE1 /* Pods */ = {
			isa = PBXGroup;
			children = (
				ABFEE124BEEE200A1F97FCAB /* Pods-DSWeibo.debug.xcconfig */,
				D5E53210378DE8E6EF4B193D /* Pods-DSWeibo.release.xcconfig */,
				AA8927A1C3004A1A5A7A731D /* Pods-DSWeiboTests.debug.xcconfig */,
				B1F75DFD303480D7A59F807A /* Pods-DSWeiboTests.release.xcconfig */,
				98C88EBF72B2C692D714329A /* Pods-DSWeiboUITests.debug.xcconfig */,
				36D0CB0FB155F94BA248AB98 /* Pods-DSWeiboUITests.release.xcconfig */,
			);
			name = Pods;
			sourceTree = "<group>";
		};
/* End PBXGroup section */

/* Begin PBXNativeTarget section */
		8AD724801D7EA51E00C3D428 /* DSWeibo */ = {
			isa = PBXNativeTarget;
			buildConfigurationList = 8AD724A91D7EA51E00C3D428 /* Build configuration list for PBXNativeTarget "DSWeibo" */;
			buildPhases = (
				22983940D9A7BA10D8866EBB /* [CP] Check Pods Manifest.lock */,
				8AD7247D1D7EA51E00C3D428 /* Sources */,
				8AD7247E1D7EA51E00C3D428 /* Frameworks */,
				8AD7247F1D7EA51E00C3D428 /* Resources */,
				22B457E6C3D2F6BF867A841D /* [CP] Embed Pods Frameworks */,
				9AAD9DE5C0CC4B937643D66D /* [CP] Copy Pods Resources */,
				8AD725D21D816C7700C3D428 /* CopyFiles */,
			);
			buildRules = (
			);
			dependencies = (
			);
			name = DSWeibo;
			productName = DSWeibo;
			productReference = 8AD724811D7EA51E00C3D428 /* DSWeibo.app */;
			productType = "com.apple.product-type.application";
		};
		8AD724941D7EA51E00C3D428 /* DSWeiboTests */ = {
			isa = PBXNativeTarget;
			buildConfigurationList = 8AD724AC1D7EA51F00C3D428 /* Build configuration list for PBXNativeTarget "DSWeiboTests" */;
			buildPhases = (
				16ADF9C8D95EE0D08F784D24 /* [CP] Check Pods Manifest.lock */,
				8AD724911D7EA51E00C3D428 /* Sources */,
				8AD724921D7EA51E00C3D428 /* Frameworks */,
				8AD724931D7EA51E00C3D428 /* Resources */,
				5BF3375F09840A52CD9A0772 /* [CP] Embed Pods Frameworks */,
				3440371E1A5DF4CCBDACFE68 /* [CP] Copy Pods Resources */,
			);
			buildRules = (
			);
			dependencies = (
				8AD724971D7EA51E00C3D428 /* PBXTargetDependency */,
			);
			name = DSWeiboTests;
			productName = DSWeiboTests;
			productReference = 8AD724951D7EA51E00C3D428 /* DSWeiboTests.xctest */;
			productType = "com.apple.product-type.bundle.unit-test";
		};
		8AD7249F1D7EA51E00C3D428 /* DSWeiboUITests */ = {
			isa = PBXNativeTarget;
			buildConfigurationList = 8AD724AF1D7EA51F00C3D428 /* Build configuration list for PBXNativeTarget "DSWeiboUITests" */;
			buildPhases = (
				5B814F81894CCD233980C1C4 /* [CP] Check Pods Manifest.lock */,
				8AD7249C1D7EA51E00C3D428 /* Sources */,
				8AD7249D1D7EA51E00C3D428 /* Frameworks */,
				8AD7249E1D7EA51E00C3D428 /* Resources */,
				D9EA5645D66344D28AF33284 /* [CP] Copy Pods Resources */,
			);
			buildRules = (
			);
			dependencies = (
				8AD724A21D7EA51E00C3D428 /* PBXTargetDependency */,
			);
			name = DSWeiboUITests;
			productName = DSWeiboUITests;
			productReference = 8AD724A01D7EA51E00C3D428 /* DSWeiboUITests.xctest */;
			productType = "com.apple.product-type.bundle.ui-testing";
		};
/* End PBXNativeTarget section */

/* Begin PBXProject section */
		8AD724791D7EA51E00C3D428 /* Project object */ = {
			isa = PBXProject;
			attributes = {
				LastSwiftUpdateCheck = 0730;
				LastUpgradeCheck = 0730;
				ORGANIZATIONNAME = fda;
				TargetAttributes = {
					8AD724801D7EA51E00C3D428 = {
						CreatedOnToolsVersion = 7.3.1;
						DevelopmentTeam = W46FRQ7PW6;
					};
					8AD724941D7EA51E00C3D428 = {
						CreatedOnToolsVersion = 7.3.1;
						DevelopmentTeam = W46FRQ7PW6;
						TestTargetID = 8AD724801D7EA51E00C3D428;
					};
					8AD7249F1D7EA51E00C3D428 = {
						CreatedOnToolsVersion = 7.3.1;
						DevelopmentTeam = W46FRQ7PW6;
						TestTargetID = 8AD724801D7EA51E00C3D428;
					};
				};
			};
			buildConfigurationList = 8AD7247C1D7EA51E00C3D428 /* Build configuration list for PBXProject "DSWeibo" */;
			compatibilityVersion = "Xcode 3.2";
			developmentRegion = English;
			hasScannedForEncodings = 0;
			knownRegions = (
				en,
				Base,
			);
			mainGroup = 8AD724781D7EA51D00C3D428;
			productRefGroup = 8AD724821D7EA51E00C3D428 /* Products */;
			projectDirPath = "";
			projectRoot = "";
			targets = (
				8AD724801D7EA51E00C3D428 /* DSWeibo */,
				8AD724941D7EA51E00C3D428 /* DSWeiboTests */,
				8AD7249F1D7EA51E00C3D428 /* DSWeiboUITests */,
			);
		};
/* End PBXProject section */

/* Begin PBXResourcesBuildPhase section */
		8AD7247F1D7EA51E00C3D428 /* Resources */ = {
			isa = PBXResourcesBuildPhase;
			buildActionMask = 2147483647;
			files = (
				8AD724D81D8002E900C3D428 /* PopoverViewController.storyboard in Resources */,
				8A33FDCB1D8DFC7A005DFA49 /* Emoticons.bundle in Resources */,
				8AD724C71D7EBD2300C3D428 /* MainVCSettings.json in Resources */,
				8A33FD711D87BAE3005DFA49 /* HomeRefreshView.xib in Resources */,
				8AD7248C1D7EA51E00C3D428 /* Assets.xcassets in Resources */,
				8AD724DE1D810D5C00C3D428 /* QRCodeViewController.storyboard in Resources */,
			);
			runOnlyForDeploymentPostprocessing = 0;
		};
		8AD724931D7EA51E00C3D428 /* Resources */ = {
			isa = PBXResourcesBuildPhase;
			buildActionMask = 2147483647;
			files = (
			);
			runOnlyForDeploymentPostprocessing = 0;
		};
		8AD7249E1D7EA51E00C3D428 /* Resources */ = {
			isa = PBXResourcesBuildPhase;
			buildActionMask = 2147483647;
			files = (
			);
			runOnlyForDeploymentPostprocessing = 0;
		};
/* End PBXResourcesBuildPhase section */

/* Begin PBXShellScriptBuildPhase section */
		16ADF9C8D95EE0D08F784D24 /* [CP] Check Pods Manifest.lock */ = {
			isa = PBXShellScriptBuildPhase;
			buildActionMask = 2147483647;
			files = (
			);
			inputPaths = (
			);
			name = "[CP] Check Pods Manifest.lock";
			outputPaths = (
			);
			runOnlyForDeploymentPostprocessing = 0;
			shellPath = /bin/sh;
			shellScript = "diff \"${PODS_ROOT}/../Podfile.lock\" \"${PODS_ROOT}/Manifest.lock\" > /dev/null\nif [[ $? != 0 ]] ; then\n    cat << EOM\nerror: The sandbox is not in sync with the Podfile.lock. Run 'pod install' or update your CocoaPods installation.\nEOM\n    exit 1\nfi\n";
			showEnvVarsInLog = 0;
		};
		22983940D9A7BA10D8866EBB /* [CP] Check Pods Manifest.lock */ = {
			isa = PBXShellScriptBuildPhase;
			buildActionMask = 2147483647;
			files = (
			);
			inputPaths = (
			);
			name = "[CP] Check Pods Manifest.lock";
			outputPaths = (
			);
			runOnlyForDeploymentPostprocessing = 0;
			shellPath = /bin/sh;
			shellScript = "diff \"${PODS_ROOT}/../Podfile.lock\" \"${PODS_ROOT}/Manifest.lock\" > /dev/null\nif [[ $? != 0 ]] ; then\n    cat << EOM\nerror: The sandbox is not in sync with the Podfile.lock. Run 'pod install' or update your CocoaPods installation.\nEOM\n    exit 1\nfi\n";
			showEnvVarsInLog = 0;
		};
		22B457E6C3D2F6BF867A841D /* [CP] Embed Pods Frameworks */ = {
			isa = PBXShellScriptBuildPhase;
			buildActionMask = 2147483647;
			files = (
			);
			inputPaths = (
			);
			name = "[CP] Embed Pods Frameworks";
			outputPaths = (
			);
			runOnlyForDeploymentPostprocessing = 0;
			shellPath = /bin/sh;
			shellScript = "\"${SRCROOT}/Pods/Target Support Files/Pods-DSWeibo/Pods-DSWeibo-frameworks.sh\"\n";
			showEnvVarsInLog = 0;
		};
		3440371E1A5DF4CCBDACFE68 /* [CP] Copy Pods Resources */ = {
			isa = PBXShellScriptBuildPhase;
			buildActionMask = 2147483647;
			files = (
			);
			inputPaths = (
			);
			name = "[CP] Copy Pods Resources";
			outputPaths = (
			);
			runOnlyForDeploymentPostprocessing = 0;
			shellPath = /bin/sh;
			shellScript = "\"${SRCROOT}/Pods/Target Support Files/Pods-DSWeiboTests/Pods-DSWeiboTests-resources.sh\"\n";
			showEnvVarsInLog = 0;
		};
		5B814F81894CCD233980C1C4 /* [CP] Check Pods Manifest.lock */ = {
			isa = PBXShellScriptBuildPhase;
			buildActionMask = 2147483647;
			files = (
			);
			inputPaths = (
			);
			name = "[CP] Check Pods Manifest.lock";
			outputPaths = (
			);
			runOnlyForDeploymentPostprocessing = 0;
			shellPath = /bin/sh;
			shellScript = "diff \"${PODS_ROOT}/../Podfile.lock\" \"${PODS_ROOT}/Manifest.lock\" > /dev/null\nif [[ $? != 0 ]] ; then\n    cat << EOM\nerror: The sandbox is not in sync with the Podfile.lock. Run 'pod install' or update your CocoaPods installation.\nEOM\n    exit 1\nfi\n";
			showEnvVarsInLog = 0;
		};
		5BF3375F09840A52CD9A0772 /* [CP] Embed Pods Frameworks */ = {
			isa = PBXShellScriptBuildPhase;
			buildActionMask = 2147483647;
			files = (
			);
			inputPaths = (
			);
			name = "[CP] Embed Pods Frameworks";
			outputPaths = (
			);
			runOnlyForDeploymentPostprocessing = 0;
			shellPath = /bin/sh;
			shellScript = "\"${SRCROOT}/Pods/Target Support Files/Pods-DSWeiboTests/Pods-DSWeiboTests-frameworks.sh\"\n";
			showEnvVarsInLog = 0;
		};
		9AAD9DE5C0CC4B937643D66D /* [CP] Copy Pods Resources */ = {
			isa = PBXShellScriptBuildPhase;
			buildActionMask = 2147483647;
			files = (
			);
			inputPaths = (
			);
			name = "[CP] Copy Pods Resources";
			outputPaths = (
			);
			runOnlyForDeploymentPostprocessing = 0;
			shellPath = /bin/sh;
			shellScript = "\"${SRCROOT}/Pods/Target Support Files/Pods-DSWeibo/Pods-DSWeibo-resources.sh\"\n";
			showEnvVarsInLog = 0;
		};
		D9EA5645D66344D28AF33284 /* [CP] Copy Pods Resources */ = {
			isa = PBXShellScriptBuildPhase;
			buildActionMask = 2147483647;
			files = (
			);
			inputPaths = (
			);
			name = "[CP] Copy Pods Resources";
			outputPaths = (
			);
			runOnlyForDeploymentPostprocessing = 0;
			shellPath = /bin/sh;
			shellScript = "\"${SRCROOT}/Pods/Target Support Files/Pods-DSWeiboUITests/Pods-DSWeiboUITests-resources.sh\"\n";
			showEnvVarsInLog = 0;
		};
/* End PBXShellScriptBuildPhase section */

/* Begin PBXSourcesBuildPhase section */
		8AD7247D1D7EA51E00C3D428 /* Sources */ = {
			isa = PBXSourcesBuildPhase;
			buildActionMask = 2147483647;
			files = (
				8A33FD671D866E05005DFA49 /* StatusTableFooterView.swift in Sources */,
				8AD724D71D8002E900C3D428 /* PopoverPresentationController.swift in Sources */,
				8A33FE111D8E4D9A005DFA49 /* PhotoSelectorViewController.swift in Sources */,
				8A33FDCA1D8DFC7A005DFA49 /* EmoticonPackage.swift in Sources */,
				8AD724C31D7EAFFC00C3D428 /* ProfileTableViewController.swift in Sources */,
				8AD724E01D810E7C00C3D428 /* QRCodeViewController.swift in Sources */,
				8A33FD6F1D869365005DFA49 /* StatusNormalTableViewCell.swift in Sources */,
				8A33FD731D87BD83005DFA49 /* HomeRefreshViewControl.swift in Sources */,
				8A06C2601D854899009D9DC2 /* User.swift in Sources */,
				8AD724D91D8002E900C3D428 /* PopoverViewController.swift in Sources */,
				8A06C2531D83B299009D9DC2 /* UserAccount.swift in Sources */,
				8A06C25A1D8405C1009D9DC2 /* WelcomeViewController.swift in Sources */,
				8AD724BD1D7EAF8900C3D428 /* HomeTableViewController.swift in Sources */,
				8A33FD631D85FAB7005DFA49 /* NSDate+Category.swift in Sources */,
				8A33FDCC1D8DFC7A005DFA49 /* EmoticonTextAttachment.swift in Sources */,
				8A06C2511D835D6C009D9DC2 /* NetworkTools.swift in Sources */,
				8A06C2641D8550E4009D9DC2 /* StatusTableViewCell.swift in Sources */,
				8A33FD691D866E8D005DFA49 /* StatusTableTopView.swift in Sources */,
				8A33FD6B1D8671F0005DFA49 /* StatusPictureView.swift in Sources */,
				8A33FDCE1D8DFC7A005DFA49 /* UITextView+Category.swift in Sources */,
				8AD724CA1D7EDD0200C3D428 /* BaseTableViewController.swift in Sources */,
				8A33FD761D88A55F005DFA49 /* PhotoBrowserController.swift in Sources */,
				8A33FD7D1D8916BF005DFA49 /* ComposeViewController.swift in Sources */,
				8AD724E21D814D2800C3D428 /* QRCodeCardViewController.swift in Sources */,
				8A33FDCD1D8DFC7A005DFA49 /* EmoticonViewController.swift in Sources */,
				8A33FD6D1D867FFB005DFA49 /* StatusForwardTableViewCell.swift in Sources */,
				8AD724BB1D7EAF6A00C3D428 /* MainViewController.swift in Sources */,
				8A33FD7A1D88C72E005DFA49 /* PhotoBrowserCell.swift in Sources */,
				8A33FD781D88C5C3005DFA49 /* UIColor+Category.swift in Sources */,
				8A06C2661D855735009D9DC2 /* UILabel+Category.swift in Sources */,
				8A06C25E1D853161009D9DC2 /* Status.swift in Sources */,
				8AD724BF1D7EAFBE00C3D428 /* DiscoverTableViewController.swift in Sources */,
				8AD724D01D7FEDFF00C3D428 /* UIBarButtonItem+Category.swift in Sources */,
				8A06C24F1D834F1D009D9DC2 /* OAuthViewController.swift in Sources */,
				8AD724CE1D7EE84C00C3D428 /* UIView+AutoLayout.swift in Sources */,
				8A06C2581D83ECF7009D9DC2 /* NewfeatureCollectionViewController.swift in Sources */,
				8A33FE121D8E4D9A005DFA49 /* UIImage+Category.swift in Sources */,
				8AD724C11D7EAFE200C3D428 /* MessageTableViewController.swift in Sources */,
				8A06C2681D855744009D9DC2 /* UIButton+Category.swift in Sources */,
				8AD724DB1D80FF9F00C3D428 /* PopoverAnimator.swift in Sources */,
				8AD724CC1D7EE1F500C3D428 /* VisitorView.swift in Sources */,
				8AD724851D7EA51E00C3D428 /* AppDelegate.swift in Sources */,
				8A06C2551D83C98D009D9DC2 /* String+Category.swift in Sources */,
				8AD724D21D7FF2C900C3D428 /* TitleButton.swift in Sources */,
				8AD724C81D7EBD2300C3D428 /* NullViewController.swift in Sources */,
			);
			runOnlyForDeploymentPostprocessing = 0;
		};
		8AD724911D7EA51E00C3D428 /* Sources */ = {
			isa = PBXSourcesBuildPhase;
			buildActionMask = 2147483647;
			files = (
				8AD7249A1D7EA51E00C3D428 /* DSWeiboTests.swift in Sources */,
			);
			runOnlyForDeploymentPostprocessing = 0;
		};
		8AD7249C1D7EA51E00C3D428 /* Sources */ = {
			isa = PBXSourcesBuildPhase;
			buildActionMask = 2147483647;
			files = (
				8AD724A51D7EA51E00C3D428 /* DSWeiboUITests.swift in Sources */,
			);
			runOnlyForDeploymentPostprocessing = 0;
		};
/* End PBXSourcesBuildPhase section */

/* Begin PBXTargetDependency section */
		8AD724971D7EA51E00C3D428 /* PBXTargetDependency */ = {
			isa = PBXTargetDependency;
			target = 8AD724801D7EA51E00C3D428 /* DSWeibo */;
			targetProxy = 8AD724961D7EA51E00C3D428 /* PBXContainerItemProxy */;
		};
		8AD724A21D7EA51E00C3D428 /* PBXTargetDependency */ = {
			isa = PBXTargetDependency;
			target = 8AD724801D7EA51E00C3D428 /* DSWeibo */;
			targetProxy = 8AD724A11D7EA51E00C3D428 /* PBXContainerItemProxy */;
		};
/* End PBXTargetDependency section */

/* Begin XCBuildConfiguration section */
		8AD724A71D7EA51E00C3D428 /* Debug */ = {
			isa = XCBuildConfiguration;
			buildSettings = {
				ALWAYS_SEARCH_USER_PATHS = NO;
				CLANG_ANALYZER_NONNULL = YES;
				CLANG_CXX_LANGUAGE_STANDARD = "gnu++0x";
				CLANG_CXX_LIBRARY = "libc++";
				CLANG_ENABLE_MODULES = YES;
				CLANG_ENABLE_OBJC_ARC = YES;
				CLANG_WARN_BOOL_CONVERSION = YES;
				CLANG_WARN_CONSTANT_CONVERSION = YES;
				CLANG_WARN_DIRECT_OBJC_ISA_USAGE = YES_ERROR;
				CLANG_WARN_EMPTY_BODY = YES;
				CLANG_WARN_ENUM_CONVERSION = YES;
				CLANG_WARN_INT_CONVERSION = YES;
				CLANG_WARN_OBJC_ROOT_CLASS = YES_ERROR;
				CLANG_WARN_UNREACHABLE_CODE = YES;
				CLANG_WARN__DUPLICATE_METHOD_MATCH = YES;
				"CODE_SIGN_IDENTITY[sdk=iphoneos*]" = "iPhone Developer";
				COPY_PHASE_STRIP = NO;
				DEBUG_INFORMATION_FORMAT = dwarf;
				ENABLE_STRICT_OBJC_MSGSEND = YES;
				ENABLE_TESTABILITY = YES;
				GCC_C_LANGUAGE_STANDARD = gnu99;
				GCC_DYNAMIC_NO_PIC = NO;
				GCC_NO_COMMON_BLOCKS = YES;
				GCC_OPTIMIZATION_LEVEL = 0;
				GCC_PREPROCESSOR_DEFINITIONS = (
					"DEBUG=1",
					"$(inherited)",
				);
				GCC_WARN_64_TO_32_BIT_CONVERSION = YES;
				GCC_WARN_ABOUT_RETURN_TYPE = YES_ERROR;
				GCC_WARN_UNDECLARED_SELECTOR = YES;
				GCC_WARN_UNINITIALIZED_AUTOS = YES_AGGRESSIVE;
				GCC_WARN_UNUSED_FUNCTION = YES;
				GCC_WARN_UNUSED_VARIABLE = YES;
				IPHONEOS_DEPLOYMENT_TARGET = 8.0;
				MTL_ENABLE_DEBUG_INFO = YES;
				ONLY_ACTIVE_ARCH = YES;
				SDKROOT = iphoneos;
				SWIFT_OPTIMIZATION_LEVEL = "-Onone";
			};
			name = Debug;
		};
		8AD724A81D7EA51E00C3D428 /* Release */ = {
			isa = XCBuildConfiguration;
			buildSettings = {
				ALWAYS_SEARCH_USER_PATHS = NO;
				CLANG_ANALYZER_NONNULL = YES;
				CLANG_CXX_LANGUAGE_STANDARD = "gnu++0x";
				CLANG_CXX_LIBRARY = "libc++";
				CLANG_ENABLE_MODULES = YES;
				CLANG_ENABLE_OBJC_ARC = YES;
				CLANG_WARN_BOOL_CONVERSION = YES;
				CLANG_WARN_CONSTANT_CONVERSION = YES;
				CLANG_WARN_DIRECT_OBJC_ISA_USAGE = YES_ERROR;
				CLANG_WARN_EMPTY_BODY = YES;
				CLANG_WARN_ENUM_CONVERSION = YES;
				CLANG_WARN_INT_CONVERSION = YES;
				CLANG_WARN_OBJC_ROOT_CLASS = YES_ERROR;
				CLANG_WARN_UNREACHABLE_CODE = YES;
				CLANG_WARN__DUPLICATE_METHOD_MATCH = YES;
				"CODE_SIGN_IDENTITY[sdk=iphoneos*]" = "iPhone Developer";
				COPY_PHASE_STRIP = NO;
				DEBUG_INFORMATION_FORMAT = "dwarf-with-dsym";
				ENABLE_NS_ASSERTIONS = NO;
				ENABLE_STRICT_OBJC_MSGSEND = YES;
				GCC_C_LANGUAGE_STANDARD = gnu99;
				GCC_NO_COMMON_BLOCKS = YES;
				GCC_WARN_64_TO_32_BIT_CONVERSION = YES;
				GCC_WARN_ABOUT_RETURN_TYPE = YES_ERROR;
				GCC_WARN_UNDECLARED_SELECTOR = YES;
				GCC_WARN_UNINITIALIZED_AUTOS = YES_AGGRESSIVE;
				GCC_WARN_UNUSED_FUNCTION = YES;
				GCC_WARN_UNUSED_VARIABLE = YES;
				IPHONEOS_DEPLOYMENT_TARGET = 8.0;
				MTL_ENABLE_DEBUG_INFO = NO;
				SDKROOT = iphoneos;
				VALIDATE_PRODUCT = YES;
			};
			name = Release;
		};
		8AD724AA1D7EA51E00C3D428 /* Debug */ = {
			isa = XCBuildConfiguration;
			baseConfigurationReference = ABFEE124BEEE200A1F97FCAB /* Pods-DSWeibo.debug.xcconfig */;
			buildSettings = {
				ASSETCATALOG_COMPILER_APPICON_NAME = AppIcon;
				ASSETCATALOG_COMPILER_LAUNCHIMAGE_NAME = LaunchImage;
				INFOPLIST_FILE = DSWeibo/Info.plist;
				IPHONEOS_DEPLOYMENT_TARGET = 8.0;
				LD_RUNPATH_SEARCH_PATHS = "$(inherited) @executable_path/Frameworks";
				PRODUCT_BUNDLE_IDENTIFIER = gov.fda.DSWeibo;
				PRODUCT_NAME = "$(TARGET_NAME)";
				SWIFT_OBJC_BRIDGING_HEADER = "";
			};
			name = Debug;
		};
		8AD724AB1D7EA51E00C3D428 /* Release */ = {
			isa = XCBuildConfiguration;
			baseConfigurationReference = D5E53210378DE8E6EF4B193D /* Pods-DSWeibo.release.xcconfig */;
			buildSettings = {
				ASSETCATALOG_COMPILER_APPICON_NAME = AppIcon;
				ASSETCATALOG_COMPILER_LAUNCHIMAGE_NAME = LaunchImage;
				INFOPLIST_FILE = DSWeibo/Info.plist;
				IPHONEOS_DEPLOYMENT_TARGET = 8.0;
				LD_RUNPATH_SEARCH_PATHS = "$(inherited) @executable_path/Frameworks";
				PRODUCT_BUNDLE_IDENTIFIER = gov.fda.DSWeibo;
				PRODUCT_NAME = "$(TARGET_NAME)";
				SWIFT_OBJC_BRIDGING_HEADER = "";
			};
			name = Release;
		};
		8AD724AD1D7EA51F00C3D428 /* Debug */ = {
			isa = XCBuildConfiguration;
			baseConfigurationReference = AA8927A1C3004A1A5A7A731D /* Pods-DSWeiboTests.debug.xcconfig */;
			buildSettings = {
				BUNDLE_LOADER = "$(TEST_HOST)";
				INFOPLIST_FILE = DSWeiboTests/Info.plist;
				LD_RUNPATH_SEARCH_PATHS = "$(inherited) @executable_path/Frameworks @loader_path/Frameworks";
				PRODUCT_BUNDLE_IDENTIFIER = gov.fda.DSWeiboTests;
				PRODUCT_NAME = "$(TARGET_NAME)";
				TEST_HOST = "$(BUILT_PRODUCTS_DIR)/DSWeibo.app/DSWeibo";
			};
			name = Debug;
		};
		8AD724AE1D7EA51F00C3D428 /* Release */ = {
			isa = XCBuildConfiguration;
			baseConfigurationReference = B1F75DFD303480D7A59F807A /* Pods-DSWeiboTests.release.xcconfig */;
			buildSettings = {
				BUNDLE_LOADER = "$(TEST_HOST)";
				INFOPLIST_FILE = DSWeiboTests/Info.plist;
				LD_RUNPATH_SEARCH_PATHS = "$(inherited) @executable_path/Frameworks @loader_path/Frameworks";
				PRODUCT_BUNDLE_IDENTIFIER = gov.fda.DSWeiboTests;
				PRODUCT_NAME = "$(TARGET_NAME)";
				TEST_HOST = "$(BUILT_PRODUCTS_DIR)/DSWeibo.app/DSWeibo";
			};
			name = Release;
		};
		8AD724B01D7EA51F00C3D428 /* Debug */ = {
			isa = XCBuildConfiguration;
			baseConfigurationReference = 98C88EBF72B2C692D714329A /* Pods-DSWeiboUITests.debug.xcconfig */;
			buildSettings = {
				INFOPLIST_FILE = DSWeiboUITests/Info.plist;
				LD_RUNPATH_SEARCH_PATHS = "$(inherited) @executable_path/Frameworks @loader_path/Frameworks";
				PRODUCT_BUNDLE_IDENTIFIER = gov.fda.DSWeiboUITests;
				PRODUCT_NAME = "$(TARGET_NAME)";
				TEST_TARGET_NAME = DSWeibo;
			};
			name = Debug;
		};
		8AD724B11D7EA51F00C3D428 /* Release */ = {
			isa = XCBuildConfiguration;
			baseConfigurationReference = 36D0CB0FB155F94BA248AB98 /* Pods-DSWeiboUITests.release.xcconfig */;
			buildSettings = {
				INFOPLIST_FILE = DSWeiboUITests/Info.plist;
				LD_RUNPATH_SEARCH_PATHS = "$(inherited) @executable_path/Frameworks @loader_path/Frameworks";
				PRODUCT_BUNDLE_IDENTIFIER = gov.fda.DSWeiboUITests;
				PRODUCT_NAME = "$(TARGET_NAME)";
				TEST_TARGET_NAME = DSWeibo;
			};
			name = Release;
		};
/* End XCBuildConfiguration section */

/* Begin XCConfigurationList section */
		8AD7247C1D7EA51E00C3D428 /* Build configuration list for PBXProject "DSWeibo" */ = {
			isa = XCConfigurationList;
			buildConfigurations = (
				8AD724A71D7EA51E00C3D428 /* Debug */,
				8AD724A81D7EA51E00C3D428 /* Release */,
			);
			defaultConfigurationIsVisible = 0;
			defaultConfigurationName = Release;
		};
		8AD724A91D7EA51E00C3D428 /* Build configuration list for PBXNativeTarget "DSWeibo" */ = {
			isa = XCConfigurationList;
			buildConfigurations = (
				8AD724AA1D7EA51E00C3D428 /* Debug */,
				8AD724AB1D7EA51E00C3D428 /* Release */,
			);
			defaultConfigurationIsVisible = 0;
			defaultConfigurationName = Release;
		};
		8AD724AC1D7EA51F00C3D428 /* Build configuration list for PBXNativeTarget "DSWeiboTests" */ = {
			isa = XCConfigurationList;
			buildConfigurations = (
				8AD724AD1D7EA51F00C3D428 /* Debug */,
				8AD724AE1D7EA51F00C3D428 /* Release */,
			);
			defaultConfigurationIsVisible = 0;
			defaultConfigurationName = Release;
		};
		8AD724AF1D7EA51F00C3D428 /* Build configuration list for PBXNativeTarget "DSWeiboUITests" */ = {
			isa = XCConfigurationList;
			buildConfigurations = (
				8AD724B01D7EA51F00C3D428 /* Debug */,
				8AD724B11D7EA51F00C3D428 /* Release */,
			);
			defaultConfigurationIsVisible = 0;
			defaultConfigurationName = Release;
		};
/* End XCConfigurationList section */
	};
	rootObject = 8AD724791D7EA51E00C3D428 /* Project object */;
}
